{
  "nodes": {
    "nixpkgs": {
      "locked": {
        "lastModified": 1703068421,
        "narHash": "sha256-WSw5Faqlw75McIflnl5v7qVD/B3S2sLh+968bpOGrWA=",
        "rev": "d65bceaee0fb1e64363f7871bc43dc1c6ecad99f",
        "revCount": 553492,
        "type": "tarball",
        "url": "https://api.flakehub.com/f/pinned/NixOS/nixpkgs/0.2311.553492%2Brev-d65bceaee0fb1e64363f7871bc43dc1c6ecad99f/018c8bd1-00df-7455-9e45-7867e2da314a/source.tar.gz"
      },
      "original": {
        "type": "tarball",
        "url": "https://flakehub.com/f/NixOS/nixpkgs/%2A.tar.gz"
      }
    },
    "root": {
      "inputs": {
        "nixpkgs": "nixpkgs"
      }
    }
  },
  "root": "root",
  "version": 7
}
